// !$*UTF8*$!
{
	archiveVersion = 1;
	classes = {
	};
	objectVersion = 56;
	objects = {

/* Begin PBXBuildFile section */
		040F305D294729C900E57807 /* ViewAccessibilityIdentifier.swift in Sources */ = {isa = PBXBuildFile; fileRef = 040F305C294729C900E57807 /* ViewAccessibilityIdentifier.swift */; };
		040F305E294729CE00E57807 /* ViewAccessibilityIdentifier.swift in Sources */ = {isa = PBXBuildFile; fileRef = 040F305C294729C900E57807 /* ViewAccessibilityIdentifier.swift */; };
		040F306029472AC400E57807 /* ViewAccessibilityIdentifier+Extensions.swift in Sources */ = {isa = PBXBuildFile; fileRef = 040F305F29472AC400E57807 /* ViewAccessibilityIdentifier+Extensions.swift */; };
		040F3061294763EF00E57807 /* NumberFormatter+Extensions.swift in Sources */ = {isa = PBXBuildFile; fileRef = 0410D5082941F59D00D4F66F /* NumberFormatter+Extensions.swift */; };
		0410D4F12940E03600D4F66F /* CoffeeOrderAppApp.swift in Sources */ = {isa = PBXBuildFile; fileRef = 0410D4F02940E03600D4F66F /* CoffeeOrderAppApp.swift */; };
		0410D4F32940E03600D4F66F /* ContentView.swift in Sources */ = {isa = PBXBuildFile; fileRef = 0410D4F22940E03600D4F66F /* ContentView.swift */; };
		0410D4F52940E03800D4F66F /* Assets.xcassets in Resources */ = {isa = PBXBuildFile; fileRef = 0410D4F42940E03800D4F66F /* Assets.xcassets */; };
		0410D4F92940E03800D4F66F /* Preview Assets.xcassets in Resources */ = {isa = PBXBuildFile; fileRef = 0410D4F82940E03800D4F66F /* Preview Assets.xcassets */; };
		0410D5012940E08E00D4F66F /* CoffeeWebService.swift in Sources */ = {isa = PBXBuildFile; fileRef = 0410D5002940E08E00D4F66F /* CoffeeWebService.swift */; };
		0410D5042940E0DB00D4F66F /* Order.swift in Sources */ = {isa = PBXBuildFile; fileRef = 0410D5032940E0DB00D4F66F /* Order.swift */; };
		0410D5062940E39F00D4F66F /* CoffeeStore.swift in Sources */ = {isa = PBXBuildFile; fileRef = 0410D5052940E39F00D4F66F /* CoffeeStore.swift */; };
		0410D5092941F59D00D4F66F /* NumberFormatter+Extensions.swift in Sources */ = {isa = PBXBuildFile; fileRef = 0410D5082941F59D00D4F66F /* NumberFormatter+Extensions.swift */; };
		0410D50C2941F6B600D4F66F /* OrderRowView.swift in Sources */ = {isa = PBXBuildFile; fileRef = 0410D50B2941F6B600D4F66F /* OrderRowView.swift */; };
		0410D50F2941F91C00D4F66F /* AppEnvironment.swift in Sources */ = {isa = PBXBuildFile; fileRef = 0410D50E2941F91C00D4F66F /* AppEnvironment.swift */; };
		0410D51729422D3000D4F66F /* CoffeeOrderAppE2ETests.swift in Sources */ = {isa = PBXBuildFile; fileRef = 0410D51629422D3000D4F66F /* CoffeeOrderAppE2ETests.swift */; };
		0410D520294234F100D4F66F /* AddCoffeeView.swift in Sources */ = {isa = PBXBuildFile; fileRef = 0410D51F294234F100D4F66F /* AddCoffeeView.swift */; };
		0410D5222943653100D4F66F /* View+Extensions.swift in Sources */ = {isa = PBXBuildFile; fileRef = 0410D5212943653100D4F66F /* View+Extensions.swift */; };
		0410D5242943655600D4F66F /* String+Extensions.swift in Sources */ = {isa = PBXBuildFile; fileRef = 0410D5232943655600D4F66F /* String+Extensions.swift */; };
		04DB1938295200F600F3B0BD /* Endpoint.swift in Sources */ = {isa = PBXBuildFile; fileRef = 04DB1937295200F600F3B0BD /* Endpoint.swift */; };
		04DE5BE7294B188600601914 /* OrderDetailView.swift in Sources */ = {isa = PBXBuildFile; fileRef = 04DE5BE6294B188600601914 /* OrderDetailView.swift */; };
		04DE5BEA294B28DC00601914 /* NetworkError.swift in Sources */ = {isa = PBXBuildFile; fileRef = 04DE5BE9294B28DC00601914 /* NetworkError.swift */; };
		04DE5BEC294B291300601914 /* CoffeeOrderError.swift in Sources */ = {isa = PBXBuildFile; fileRef = 04DE5BEB294B291300601914 /* CoffeeOrderError.swift */; };
/* End PBXBuildFile section */

/* Begin PBXContainerItemProxy section */
		0410D51A29422D3000D4F66F /* PBXContainerItemProxy */ = {
			isa = PBXContainerItemProxy;
			containerPortal = 0410D4E52940E03600D4F66F /* Project object */;
			proxyType = 1;
			remoteGlobalIDString = 0410D4EC2940E03600D4F66F;
			remoteInfo = CoffeeOrderApp;
		};
/* End PBXContainerItemProxy section */

/* Begin PBXFileReference section */
		040F305C294729C900E57807 /* ViewAccessibilityIdentifier.swift */ = {isa = PBXFileReference; lastKnownFileType = sourcecode.swift; path = ViewAccessibilityIdentifier.swift; sourceTree = "<group>"; };
		040F305F29472AC400E57807 /* ViewAccessibilityIdentifier+Extensions.swift */ = {isa = PBXFileReference; lastKnownFileType = sourcecode.swift; path = "ViewAccessibilityIdentifier+Extensions.swift"; sourceTree = "<group>"; };
		0410D4ED2940E03600D4F66F /* CoffeeOrderApp.app */ = {isa = PBXFileReference; explicitFileType = wrapper.application; includeInIndex = 0; path = CoffeeOrderApp.app; sourceTree = BUILT_PRODUCTS_DIR; };
		0410D4F02940E03600D4F66F /* CoffeeOrderAppApp.swift */ = {isa = PBXFileReference; lastKnownFileType = sourcecode.swift; path = CoffeeOrderAppApp.swift; sourceTree = "<group>"; };
		0410D4F22940E03600D4F66F /* ContentView.swift */ = {isa = PBXFileReference; lastKnownFileType = sourcecode.swift; path = ContentView.swift; sourceTree = "<group>"; };
		0410D4F42940E03800D4F66F /* Assets.xcassets */ = {isa = PBXFileReference; lastKnownFileType = folder.assetcatalog; path = Assets.xcassets; sourceTree = "<group>"; };
		0410D4F62940E03800D4F66F /* CoffeeOrderApp.entitlements */ = {isa = PBXFileReference; lastKnownFileType = text.plist.entitlements; path = CoffeeOrderApp.entitlements; sourceTree = "<group>"; };
		0410D4F82940E03800D4F66F /* Preview Assets.xcassets */ = {isa = PBXFileReference; lastKnownFileType = folder.assetcatalog; path = "Preview Assets.xcassets"; sourceTree = "<group>"; };
		0410D5002940E08E00D4F66F /* CoffeeWebService.swift */ = {isa = PBXFileReference; lastKnownFileType = sourcecode.swift; path = CoffeeWebService.swift; sourceTree = "<group>"; };
		0410D5032940E0DB00D4F66F /* Order.swift */ = {isa = PBXFileReference; lastKnownFileType = sourcecode.swift; path = Order.swift; sourceTree = "<group>"; };
		0410D5052940E39F00D4F66F /* CoffeeStore.swift */ = {isa = PBXFileReference; lastKnownFileType = sourcecode.swift; path = CoffeeStore.swift; sourceTree = "<group>"; };
		0410D5082941F59D00D4F66F /* NumberFormatter+Extensions.swift */ = {isa = PBXFileReference; lastKnownFileType = sourcecode.swift; path = "NumberFormatter+Extensions.swift"; sourceTree = "<group>"; };
		0410D50B2941F6B600D4F66F /* OrderRowView.swift */ = {isa = PBXFileReference; lastKnownFileType = sourcecode.swift; path = OrderRowView.swift; sourceTree = "<group>"; };
		0410D50E2941F91C00D4F66F /* AppEnvironment.swift */ = {isa = PBXFileReference; lastKnownFileType = sourcecode.swift; path = AppEnvironment.swift; sourceTree = "<group>"; };
		0410D51429422D3000D4F66F /* CoffeeOrderAppE2ETests.xctest */ = {isa = PBXFileReference; explicitFileType = wrapper.cfbundle; includeInIndex = 0; path = CoffeeOrderAppE2ETests.xctest; sourceTree = BUILT_PRODUCTS_DIR; };
		0410D51629422D3000D4F66F /* CoffeeOrderAppE2ETests.swift */ = {isa = PBXFileReference; lastKnownFileType = sourcecode.swift; path = CoffeeOrderAppE2ETests.swift; sourceTree = "<group>"; };
		0410D51F294234F100D4F66F /* AddCoffeeView.swift */ = {isa = PBXFileReference; lastKnownFileType = sourcecode.swift; path = AddCoffeeView.swift; sourceTree = "<group>"; };
		0410D5212943653100D4F66F /* View+Extensions.swift */ = {isa = PBXFileReference; lastKnownFileType = sourcecode.swift; path = "View+Extensions.swift"; sourceTree = "<group>"; };
		0410D5232943655600D4F66F /* String+Extensions.swift */ = {isa = PBXFileReference; lastKnownFileType = sourcecode.swift; path = "String+Extensions.swift"; sourceTree = "<group>"; };
		04DB1937295200F600F3B0BD /* Endpoint.swift */ = {isa = PBXFileReference; lastKnownFileType = sourcecode.swift; path = Endpoint.swift; sourceTree = "<group>"; };
		04DE5BE6294B188600601914 /* OrderDetailView.swift */ = {isa = PBXFileReference; lastKnownFileType = sourcecode.swift; path = OrderDetailView.swift; sourceTree = "<group>"; };
		04DE5BE9294B28DC00601914 /* NetworkError.swift */ = {isa = PBXFileReference; lastKnownFileType = sourcecode.swift; path = NetworkError.swift; sourceTree = "<group>"; };
		04DE5BEB294B291300601914 /* CoffeeOrderError.swift */ = {isa = PBXFileReference; lastKnownFileType = sourcecode.swift; path = CoffeeOrderError.swift; sourceTree = "<group>"; };
/* End PBXFileReference section */

/* Begin PBXFrameworksBuildPhase section */
		0410D4EA2940E03600D4F66F /* Frameworks */ = {
			isa = PBXFrameworksBuildPhase;
			buildActionMask = 2147483647;
			files = (
			);
			runOnlyForDeploymentPostprocessing = 0;
		};
		0410D51129422D3000D4F66F /* Frameworks */ = {
			isa = PBXFrameworksBuildPhase;
			buildActionMask = 2147483647;
			files = (
			);
			runOnlyForDeploymentPostprocessing = 0;
		};
/* End PBXFrameworksBuildPhase section */

/* Begin PBXGroup section */
		040F305B294729C200E57807 /* Resources */ = {
			isa = PBXGroup;
			children = (
				040F305C294729C900E57807 /* ViewAccessibilityIdentifier.swift */,
			);
			path = Resources;
			sourceTree = "<group>";
		};
		0410D4E42940E03600D4F66F = {
			isa = PBXGroup;
			children = (
				0410D4EF2940E03600D4F66F /* CoffeeOrderApp */,
				0410D51529422D3000D4F66F /* CoffeeOrderAppE2ETests */,
				0410D4EE2940E03600D4F66F /* Products */,
			);
			sourceTree = "<group>";
		};
		0410D4EE2940E03600D4F66F /* Products */ = {
			isa = PBXGroup;
			children = (
				0410D4ED2940E03600D4F66F /* CoffeeOrderApp.app */,
				0410D51429422D3000D4F66F /* CoffeeOrderAppE2ETests.xctest */,
			);
			name = Products;
			sourceTree = "<group>";
		};
		0410D4EF2940E03600D4F66F /* CoffeeOrderApp */ = {
			isa = PBXGroup;
			children = (
				0410D4F62940E03800D4F66F /* CoffeeOrderApp.entitlements */,
				0410D50E2941F91C00D4F66F /* AppEnvironment.swift */,
				0410D4F02940E03600D4F66F /* CoffeeOrderAppApp.swift */,
				0410D4F42940E03800D4F66F /* Assets.xcassets */,
				04DE5BE8294B28CC00601914 /* Errors */,
				0410D5072941F57F00D4F66F /* Extensions */,
				0410D5022940E0D200D4F66F /* Models */,
				0410D4FF2940E08200D4F66F /* Networking */,
				0410D4F72940E03800D4F66F /* Preview Content */,
				040F305B294729C200E57807 /* Resources */,
				0410D50A2941F6A300D4F66F /* Views */,
			);
			path = CoffeeOrderApp;
			sourceTree = "<group>";
		};
		0410D4F72940E03800D4F66F /* Preview Content */ = {
			isa = PBXGroup;
			children = (
				0410D4F82940E03800D4F66F /* Preview Assets.xcassets */,
			);
			path = "Preview Content";
			sourceTree = "<group>";
		};
		0410D4FF2940E08200D4F66F /* Networking */ = {
			isa = PBXGroup;
			children = (
				0410D5002940E08E00D4F66F /* CoffeeWebService.swift */,
				04DB1937295200F600F3B0BD /* Endpoint.swift */,
			);
			path = Networking;
			sourceTree = "<group>";
		};
		0410D5022940E0D200D4F66F /* Models */ = {
			isa = PBXGroup;
			children = (
				0410D5052940E39F00D4F66F /* CoffeeStore.swift */,
				0410D5032940E0DB00D4F66F /* Order.swift */,
			);
			path = Models;
			sourceTree = "<group>";
		};
		0410D5072941F57F00D4F66F /* Extensions */ = {
			isa = PBXGroup;
			children = (
				0410D5082941F59D00D4F66F /* NumberFormatter+Extensions.swift */,
				0410D5232943655600D4F66F /* String+Extensions.swift */,
				0410D5212943653100D4F66F /* View+Extensions.swift */,
			);
			path = Extensions;
			sourceTree = "<group>";
		};
		0410D50A2941F6A300D4F66F /* Views */ = {
			isa = PBXGroup;
			children = (
				0410D51F294234F100D4F66F /* AddCoffeeView.swift */,
				0410D4F22940E03600D4F66F /* ContentView.swift */,
				04DE5BE6294B188600601914 /* OrderDetailView.swift */,
				0410D50B2941F6B600D4F66F /* OrderRowView.swift */,
			);
			path = Views;
			sourceTree = "<group>";
		};
		0410D51529422D3000D4F66F /* CoffeeOrderAppE2ETests */ = {
			isa = PBXGroup;
			children = (
				0410D51629422D3000D4F66F /* CoffeeOrderAppE2ETests.swift */,
				040F305F29472AC400E57807 /* ViewAccessibilityIdentifier+Extensions.swift */,
			);
			path = CoffeeOrderAppE2ETests;
			sourceTree = "<group>";
		};
		04DE5BE8294B28CC00601914 /* Errors */ = {
			isa = PBXGroup;
			children = (
				04DE5BEB294B291300601914 /* CoffeeOrderError.swift */,
				04DE5BE9294B28DC00601914 /* NetworkError.swift */,
			);
			path = Errors;
			sourceTree = "<group>";
		};
/* End PBXGroup section */

/* Begin PBXNativeTarget section */
		0410D4EC2940E03600D4F66F /* CoffeeOrderApp */ = {
			isa = PBXNativeTarget;
			buildConfigurationList = 0410D4FC2940E03800D4F66F /* Build configuration list for PBXNativeTarget "CoffeeOrderApp" */;
			buildPhases = (
				0410D4E92940E03600D4F66F /* Sources */,
				0410D4EA2940E03600D4F66F /* Frameworks */,
				0410D4EB2940E03600D4F66F /* Resources */,
			);
			buildRules = (
			);
			dependencies = (
			);
			name = CoffeeOrderApp;
			productName = CoffeeOrderApp;
			productReference = 0410D4ED2940E03600D4F66F /* CoffeeOrderApp.app */;
			productType = "com.apple.product-type.application";
		};
		0410D51329422D3000D4F66F /* CoffeeOrderAppE2ETests */ = {
			isa = PBXNativeTarget;
			buildConfigurationList = 0410D51C29422D3000D4F66F /* Build configuration list for PBXNativeTarget "CoffeeOrderAppE2ETests" */;
			buildPhases = (
				0410D51029422D3000D4F66F /* Sources */,
				0410D51129422D3000D4F66F /* Frameworks */,
				0410D51229422D3000D4F66F /* Resources */,
			);
			buildRules = (
			);
			dependencies = (
				0410D51B29422D3000D4F66F /* PBXTargetDependency */,
			);
			name = CoffeeOrderAppE2ETests;
			productName = CoffeeOrderAppE2ETests;
			productReference = 0410D51429422D3000D4F66F /* CoffeeOrderAppE2ETests.xctest */;
			productType = "com.apple.product-type.bundle.ui-testing";
		};
/* End PBXNativeTarget section */

/* Begin PBXProject section */
		0410D4E52940E03600D4F66F /* Project object */ = {
			isa = PBXProject;
			attributes = {
				BuildIndependentTargetsInParallel = 1;
				LastSwiftUpdateCheck = 1410;
				LastUpgradeCheck = 1420;
				TargetAttributes = {
					0410D4EC2940E03600D4F66F = {
						CreatedOnToolsVersion = 14.1;
					};
					0410D51329422D3000D4F66F = {
						CreatedOnToolsVersion = 14.1;
						TestTargetID = 0410D4EC2940E03600D4F66F;
					};
				};
			};
			buildConfigurationList = 0410D4E82940E03600D4F66F /* Build configuration list for PBXProject "CoffeeOrderApp" */;
			compatibilityVersion = "Xcode 14.0";
			developmentRegion = en;
			hasScannedForEncodings = 0;
			knownRegions = (
				en,
				Base,
			);
			mainGroup = 0410D4E42940E03600D4F66F;
			productRefGroup = 0410D4EE2940E03600D4F66F /* Products */;
			projectDirPath = "";
			projectRoot = "";
			targets = (
				0410D4EC2940E03600D4F66F /* CoffeeOrderApp */,
				0410D51329422D3000D4F66F /* CoffeeOrderAppE2ETests */,
			);
		};
/* End PBXProject section */

/* Begin PBXResourcesBuildPhase section */
		0410D4EB2940E03600D4F66F /* Resources */ = {
			isa = PBXResourcesBuildPhase;
			buildActionMask = 2147483647;
			files = (
				0410D4F92940E03800D4F66F /* Preview Assets.xcassets in Resources */,
				0410D4F52940E03800D4F66F /* Assets.xcassets in Resources */,
			);
			runOnlyForDeploymentPostprocessing = 0;
		};
		0410D51229422D3000D4F66F /* Resources */ = {
			isa = PBXResourcesBuildPhase;
			buildActionMask = 2147483647;
			files = (
			);
			runOnlyForDeploymentPostprocessing = 0;
		};
/* End PBXResourcesBuildPhase section */

/* Begin PBXSourcesBuildPhase section */
		0410D4E92940E03600D4F66F /* Sources */ = {
			isa = PBXSourcesBuildPhase;
			buildActionMask = 2147483647;
			files = (
				0410D5012940E08E00D4F66F /* CoffeeWebService.swift in Sources */,
				0410D5242943655600D4F66F /* String+Extensions.swift in Sources */,
				0410D5062940E39F00D4F66F /* CoffeeStore.swift in Sources */,
				0410D5092941F59D00D4F66F /* NumberFormatter+Extensions.swift in Sources */,
				0410D4F32940E03600D4F66F /* ContentView.swift in Sources */,
				0410D520294234F100D4F66F /* AddCoffeeView.swift in Sources */,
				040F305D294729C900E57807 /* ViewAccessibilityIdentifier.swift in Sources */,
				0410D5042940E0DB00D4F66F /* Order.swift in Sources */,
				04DE5BEA294B28DC00601914 /* NetworkError.swift in Sources */,
				0410D50F2941F91C00D4F66F /* AppEnvironment.swift in Sources */,
				04DB1938295200F600F3B0BD /* Endpoint.swift in Sources */,
				0410D50C2941F6B600D4F66F /* OrderRowView.swift in Sources */,
				0410D5222943653100D4F66F /* View+Extensions.swift in Sources */,
				04DE5BE7294B188600601914 /* OrderDetailView.swift in Sources */,
				0410D4F12940E03600D4F66F /* CoffeeOrderAppApp.swift in Sources */,
				04DE5BEC294B291300601914 /* CoffeeOrderError.swift in Sources */,
			);
			runOnlyForDeploymentPostprocessing = 0;
		};
		0410D51029422D3000D4F66F /* Sources */ = {
			isa = PBXSourcesBuildPhase;
			buildActionMask = 2147483647;
			files = (
				040F306029472AC400E57807 /* ViewAccessibilityIdentifier+Extensions.swift in Sources */,
				040F305E294729CE00E57807 /* ViewAccessibilityIdentifier.swift in Sources */,
				040F3061294763EF00E57807 /* NumberFormatter+Extensions.swift in Sources */,
				0410D51729422D3000D4F66F /* CoffeeOrderAppE2ETests.swift in Sources */,
			);
			runOnlyForDeploymentPostprocessing = 0;
		};
/* End PBXSourcesBuildPhase section */

/* Begin PBXTargetDependency section */
		0410D51B29422D3000D4F66F /* PBXTargetDependency */ = {
			isa = PBXTargetDependency;
			target = 0410D4EC2940E03600D4F66F /* CoffeeOrderApp */;
			targetProxy = 0410D51A29422D3000D4F66F /* PBXContainerItemProxy */;
		};
/* End PBXTargetDependency section */

/* Begin XCBuildConfiguration section */
		0410D4FA2940E03800D4F66F /* Debug */ = {
			isa = XCBuildConfiguration;
			buildSettings = {
				ALWAYS_SEARCH_USER_PATHS = NO;
				CLANG_ANALYZER_NONNULL = YES;
				CLANG_ANALYZER_NUMBER_OBJECT_CONVERSION = YES_AGGRESSIVE;
				CLANG_CXX_LANGUAGE_STANDARD = "gnu++20";
				CLANG_ENABLE_MODULES = YES;
				CLANG_ENABLE_OBJC_ARC = YES;
				CLANG_ENABLE_OBJC_WEAK = YES;
				CLANG_WARN_BLOCK_CAPTURE_AUTORELEASING = YES;
				CLANG_WARN_BOOL_CONVERSION = YES;
				CLANG_WARN_COMMA = YES;
				CLANG_WARN_CONSTANT_CONVERSION = YES;
				CLANG_WARN_DEPRECATED_OBJC_IMPLEMENTATIONS = YES;
				CLANG_WARN_DIRECT_OBJC_ISA_USAGE = YES_ERROR;
				CLANG_WARN_DOCUMENTATION_COMMENTS = YES;
				CLANG_WARN_EMPTY_BODY = YES;
				CLANG_WARN_ENUM_CONVERSION = YES;
				CLANG_WARN_INFINITE_RECURSION = YES;
				CLANG_WARN_INT_CONVERSION = YES;
				CLANG_WARN_NON_LITERAL_NULL_CONVERSION = YES;
				CLANG_WARN_OBJC_IMPLICIT_RETAIN_SELF = YES;
				CLANG_WARN_OBJC_LITERAL_CONVERSION = YES;
				CLANG_WARN_OBJC_ROOT_CLASS = YES_ERROR;
				CLANG_WARN_QUOTED_INCLUDE_IN_FRAMEWORK_HEADER = YES;
				CLANG_WARN_RANGE_LOOP_ANALYSIS = YES;
				CLANG_WARN_STRICT_PROTOTYPES = YES;
				CLANG_WARN_SUSPICIOUS_MOVE = YES;
				CLANG_WARN_UNGUARDED_AVAILABILITY = YES_AGGRESSIVE;
				CLANG_WARN_UNREACHABLE_CODE = YES;
				CLANG_WARN__DUPLICATE_METHOD_MATCH = YES;
				COPY_PHASE_STRIP = NO;
				DEAD_CODE_STRIPPING = YES;
				DEBUG_INFORMATION_FORMAT = dwarf;
				ENABLE_STRICT_OBJC_MSGSEND = YES;
				ENABLE_TESTABILITY = YES;
				GCC_C_LANGUAGE_STANDARD = gnu11;
				GCC_DYNAMIC_NO_PIC = NO;
				GCC_NO_COMMON_BLOCKS = YES;
				GCC_OPTIMIZATION_LEVEL = 0;
				GCC_PREPROCESSOR_DEFINITIONS = (
					"DEBUG=1",
					"$(inherited)",
				);
				GCC_WARN_64_TO_32_BIT_CONVERSION = YES;
				GCC_WARN_ABOUT_RETURN_TYPE = YES_ERROR;
				GCC_WARN_UNDECLARED_SELECTOR = YES;
				GCC_WARN_UNINITIALIZED_AUTOS = YES_AGGRESSIVE;
				GCC_WARN_UNUSED_FUNCTION = YES;
				GCC_WARN_UNUSED_VARIABLE = YES;
				MTL_ENABLE_DEBUG_INFO = INCLUDE_SOURCE;
				MTL_FAST_MATH = YES;
				ONLY_ACTIVE_ARCH = YES;
				SWIFT_ACTIVE_COMPILATION_CONDITIONS = DEBUG;
				SWIFT_OPTIMIZATION_LEVEL = "-Onone";
			};
			name = Debug;
		};
		0410D4FB2940E03800D4F66F /* Release */ = {
			isa = XCBuildConfiguration;
			buildSettings = {
				ALWAYS_SEARCH_USER_PATHS = NO;
				CLANG_ANALYZER_NONNULL = YES;
				CLANG_ANALYZER_NUMBER_OBJECT_CONVERSION = YES_AGGRESSIVE;
				CLANG_CXX_LANGUAGE_STANDARD = "gnu++20";
				CLANG_ENABLE_MODULES = YES;
				CLANG_ENABLE_OBJC_ARC = YES;
				CLANG_ENABLE_OBJC_WEAK = YES;
				CLANG_WARN_BLOCK_CAPTURE_AUTORELEASING = YES;
				CLANG_WARN_BOOL_CONVERSION = YES;
				CLANG_WARN_COMMA = YES;
				CLANG_WARN_CONSTANT_CONVERSION = YES;
				CLANG_WARN_DEPRECATED_OBJC_IMPLEMENTATIONS = YES;
				CLANG_WARN_DIRECT_OBJC_ISA_USAGE = YES_ERROR;
				CLANG_WARN_DOCUMENTATION_COMMENTS = YES;
				CLANG_WARN_EMPTY_BODY = YES;
				CLANG_WARN_ENUM_CONVERSION = YES;
				CLANG_WARN_INFINITE_RECURSION = YES;
				CLANG_WARN_INT_CONVERSION = YES;
				CLANG_WARN_NON_LITERAL_NULL_CONVERSION = YES;
				CLANG_WARN_OBJC_IMPLICIT_RETAIN_SELF = YES;
				CLANG_WARN_OBJC_LITERAL_CONVERSION = YES;
				CLANG_WARN_OBJC_ROOT_CLASS = YES_ERROR;
				CLANG_WARN_QUOTED_INCLUDE_IN_FRAMEWORK_HEADER = YES;
				CLANG_WARN_RANGE_LOOP_ANALYSIS = YES;
				CLANG_WARN_STRICT_PROTOTYPES = YES;
				CLANG_WARN_SUSPICIOUS_MOVE = YES;
				CLANG_WARN_UNGUARDED_AVAILABILITY = YES_AGGRESSIVE;
				CLANG_WARN_UNREACHABLE_CODE = YES;
				CLANG_WARN__DUPLICATE_METHOD_MATCH = YES;
				COPY_PHASE_STRIP = NO;
				DEAD_CODE_STRIPPING = YES;
				DEBUG_INFORMATION_FORMAT = "dwarf-with-dsym";
				ENABLE_NS_ASSERTIONS = NO;
				ENABLE_STRICT_OBJC_MSGSEND = YES;
				GCC_C_LANGUAGE_STANDARD = gnu11;
				GCC_NO_COMMON_BLOCKS = YES;
				GCC_WARN_64_TO_32_BIT_CONVERSION = YES;
				GCC_WARN_ABOUT_RETURN_TYPE = YES_ERROR;
				GCC_WARN_UNDECLARED_SELECTOR = YES;
				GCC_WARN_UNINITIALIZED_AUTOS = YES_AGGRESSIVE;
				GCC_WARN_UNUSED_FUNCTION = YES;
				GCC_WARN_UNUSED_VARIABLE = YES;
				MTL_ENABLE_DEBUG_INFO = NO;
				MTL_FAST_MATH = YES;
				SWIFT_COMPILATION_MODE = wholemodule;
				SWIFT_OPTIMIZATION_LEVEL = "-O";
			};
			name = Release;
		};
		0410D4FD2940E03800D4F66F /* Debug */ = {
			isa = XCBuildConfiguration;
			buildSettings = {
				ASSETCATALOG_COMPILER_APPICON_NAME = AppIcon;
				ASSETCATALOG_COMPILER_GLOBAL_ACCENT_COLOR_NAME = AccentColor;
				CODE_SIGN_ENTITLEMENTS = CoffeeOrderApp/CoffeeOrderApp.entitlements;
				CODE_SIGN_IDENTITY = "-";
				CODE_SIGN_STYLE = Automatic;
				CURRENT_PROJECT_VERSION = 1;
				DEAD_CODE_STRIPPING = YES;
				DEVELOPMENT_ASSET_PATHS = "\"CoffeeOrderApp/Preview Content\"";
				DEVELOPMENT_TEAM = 79L7WCAA7E;
				ENABLE_HARDENED_RUNTIME = YES;
				ENABLE_PREVIEWS = YES;
				GENERATE_INFOPLIST_FILE = YES;
				"INFOPLIST_KEY_UIApplicationSceneManifest_Generation[sdk=iphoneos*]" = YES;
				"INFOPLIST_KEY_UIApplicationSceneManifest_Generation[sdk=iphonesimulator*]" = YES;
				"INFOPLIST_KEY_UIApplicationSupportsIndirectInputEvents[sdk=iphoneos*]" = YES;
				"INFOPLIST_KEY_UIApplicationSupportsIndirectInputEvents[sdk=iphonesimulator*]" = YES;
				"INFOPLIST_KEY_UILaunchScreen_Generation[sdk=iphoneos*]" = YES;
				"INFOPLIST_KEY_UILaunchScreen_Generation[sdk=iphonesimulator*]" = YES;
				"INFOPLIST_KEY_UIStatusBarStyle[sdk=iphoneos*]" = UIStatusBarStyleDefault;
				"INFOPLIST_KEY_UIStatusBarStyle[sdk=iphonesimulator*]" = UIStatusBarStyleDefault;
				INFOPLIST_KEY_UISupportedInterfaceOrientations_iPad = "UIInterfaceOrientationPortrait UIInterfaceOrientationPortraitUpsideDown UIInterfaceOrientationLandscapeLeft UIInterfaceOrientationLandscapeRight";
				INFOPLIST_KEY_UISupportedInterfaceOrientations_iPhone = "UIInterfaceOrientationPortrait UIInterfaceOrientationLandscapeLeft UIInterfaceOrientationLandscapeRight";
				IPHONEOS_DEPLOYMENT_TARGET = 16.1;
				LD_RUNPATH_SEARCH_PATHS = "@executable_path/Frameworks";
				"LD_RUNPATH_SEARCH_PATHS[sdk=macosx*]" = "@executable_path/../Frameworks";
				MACOSX_DEPLOYMENT_TARGET = 13.0;
				MARKETING_VERSION = 1.0;
				PRODUCT_BUNDLE_IDENTIFIER = pl.kchlebus.CoffeeOrderApp;
				PRODUCT_NAME = "$(TARGET_NAME)";
				SDKROOT = auto;
				SUPPORTED_PLATFORMS = "iphoneos iphonesimulator macosx";
				SWIFT_EMIT_LOC_STRINGS = YES;
				SWIFT_VERSION = 5.0;
				TARGETED_DEVICE_FAMILY = "1,2";
			};
			name = Debug;
		};
		0410D4FE2940E03800D4F66F /* Release */ = {
			isa = XCBuildConfiguration;
			buildSettings = {
				ASSETCATALOG_COMPILER_APPICON_NAME = AppIcon;
				ASSETCATALOG_COMPILER_GLOBAL_ACCENT_COLOR_NAME = AccentColor;
				CODE_SIGN_ENTITLEMENTS = CoffeeOrderApp/CoffeeOrderApp.entitlements;
				CODE_SIGN_IDENTITY = "-";
				CODE_SIGN_STYLE = Automatic;
				CURRENT_PROJECT_VERSION = 1;
				DEAD_CODE_STRIPPING = YES;
				DEVELOPMENT_ASSET_PATHS = "\"CoffeeOrderApp/Preview Content\"";
				DEVELOPMENT_TEAM = 79L7WCAA7E;
				ENABLE_HARDENED_RUNTIME = YES;
				ENABLE_PREVIEWS = YES;
				GENERATE_INFOPLIST_FILE = YES;
				"INFOPLIST_KEY_UIApplicationSceneManifest_Generation[sdk=iphoneos*]" = YES;
				"INFOPLIST_KEY_UIApplicationSceneManifest_Generation[sdk=iphonesimulator*]" = YES;
				"INFOPLIST_KEY_UIApplicationSupportsIndirectInputEvents[sdk=iphoneos*]" = YES;
				"INFOPLIST_KEY_UIApplicationSupportsIndirectInputEvents[sdk=iphonesimulator*]" = YES;
				"INFOPLIST_KEY_UILaunchScreen_Generation[sdk=iphoneos*]" = YES;
				"INFOPLIST_KEY_UILaunchScreen_Generation[sdk=iphonesimulator*]" = YES;
				"INFOPLIST_KEY_UIStatusBarStyle[sdk=iphoneos*]" = UIStatusBarStyleDefault;
				"INFOPLIST_KEY_UIStatusBarStyle[sdk=iphonesimulator*]" = UIStatusBarStyleDefault;
				INFOPLIST_KEY_UISupportedInterfaceOrientations_iPad = "UIInterfaceOrientationPortrait UIInterfaceOrientationPortraitUpsideDown UIInterfaceOrientationLandscapeLeft UIInterfaceOrientationLandscapeRight";
				INFOPLIST_KEY_UISupportedInterfaceOrientations_iPhone = "UIInterfaceOrientationPortrait UIInterfaceOrientationLandscapeLeft UIInterfaceOrientationLandscapeRight";
				IPHONEOS_DEPLOYMENT_TARGET = 16.1;
				LD_RUNPATH_SEARCH_PATHS = "@executable_path/Frameworks";
				"LD_RUNPATH_SEARCH_PATHS[sdk=macosx*]" = "@executable_path/../Frameworks";
				MACOSX_DEPLOYMENT_TARGET = 13.0;
				MARKETING_VERSION = 1.0;
				PRODUCT_BUNDLE_IDENTIFIER = pl.kchlebus.CoffeeOrderApp;
				PRODUCT_NAME = "$(TARGET_NAME)";
				SDKROOT = auto;
				SUPPORTED_PLATFORMS = "iphoneos iphonesimulator macosx";
				SWIFT_EMIT_LOC_STRINGS = YES;
				SWIFT_VERSION = 5.0;
				TARGETED_DEVICE_FAMILY = "1,2";
			};
			name = Release;
		};
		0410D51D29422D3000D4F66F /* Debug */ = {
			isa = XCBuildConfiguration;
			buildSettings = {
				CODE_SIGN_STYLE = Automatic;
				CURRENT_PROJECT_VERSION = 1;
				DEVELOPMENT_TEAM = 79L7WCAA7E;
				GENERATE_INFOPLIST_FILE = YES;
				IPHONEOS_DEPLOYMENT_TARGET = 16.1;
				MARKETING_VERSION = 1.0;
				PRODUCT_BUNDLE_IDENTIFIER = pl.kchlebus.CoffeeOrderAppE2ETests;
				PRODUCT_NAME = "$(TARGET_NAME)";
				SDKROOT = iphoneos;
				SWIFT_EMIT_LOC_STRINGS = NO;
				SWIFT_VERSION = 5.0;
				TARGETED_DEVICE_FAMILY = "1,2";
				TEST_TARGET_NAME = CoffeeOrderApp;
			};
			name = Debug;
		};
		0410D51E29422D3000D4F66F /* Release */ = {
			isa = XCBuildConfiguration;
			buildSettings = {
				CODE_SIGN_STYLE = Automatic;
				CURRENT_PROJECT_VERSION = 1;
				DEVELOPMENT_TEAM = 79L7WCAA7E;
				GENERATE_INFOPLIST_FILE = YES;
				IPHONEOS_DEPLOYMENT_TARGET = 16.1;
				MARKETING_VERSION = 1.0;
				PRODUCT_BUNDLE_IDENTIFIER = pl.kchlebus.CoffeeOrderAppE2ETests;
				PRODUCT_NAME = "$(TARGET_NAME)";
				SDKROOT = iphoneos;
				SWIFT_EMIT_LOC_STRINGS = NO;
				SWIFT_VERSION = 5.0;
				TARGETED_DEVICE_FAMILY = "1,2";
				TEST_TARGET_NAME = CoffeeOrderApp;
				VALIDATE_PRODUCT = YES;
			};
			name = Release;
		};
		04FB13532949DFBE00EDBC14 /* Testing */ = {
			isa = XCBuildConfiguration;
			buildSettings = {
				ALWAYS_SEARCH_USER_PATHS = NO;
				CLANG_ANALYZER_NONNULL = YES;
				CLANG_ANALYZER_NUMBER_OBJECT_CONVERSION = YES_AGGRESSIVE;
				CLANG_CXX_LANGUAGE_STANDARD = "gnu++20";
				CLANG_ENABLE_MODULES = YES;
				CLANG_ENABLE_OBJC_ARC = YES;
				CLANG_ENABLE_OBJC_WEAK = YES;
				CLANG_WARN_BLOCK_CAPTURE_AUTORELEASING = YES;
				CLANG_WARN_BOOL_CONVERSION = YES;
				CLANG_WARN_COMMA = YES;
				CLANG_WARN_CONSTANT_CONVERSION = YES;
				CLANG_WARN_DEPRECATED_OBJC_IMPLEMENTATIONS = YES;
				CLANG_WARN_DIRECT_OBJC_ISA_USAGE = YES_ERROR;
				CLANG_WARN_DOCUMENTATION_COMMENTS = YES;
				CLANG_WARN_EMPTY_BODY = YES;
				CLANG_WARN_ENUM_CONVERSION = YES;
				CLANG_WARN_INFINITE_RECURSION = YES;
				CLANG_WARN_INT_CONVERSION = YES;
				CLANG_WARN_NON_LITERAL_NULL_CONVERSION = YES;
				CLANG_WARN_OBJC_IMPLICIT_RETAIN_SELF = YES;
				CLANG_WARN_OBJC_LITERAL_CONVERSION = YES;
				CLANG_WARN_OBJC_ROOT_CLASS = YES_ERROR;
				CLANG_WARN_QUOTED_INCLUDE_IN_FRAMEWORK_HEADER = YES;
				CLANG_WARN_RANGE_LOOP_ANALYSIS = YES;
				CLANG_WARN_STRICT_PROTOTYPES = YES;
				CLANG_WARN_SUSPICIOUS_MOVE = YES;
				CLANG_WARN_UNGUARDED_AVAILABILITY = YES_AGGRESSIVE;
				CLANG_WARN_UNREACHABLE_CODE = YES;
				CLANG_WARN__DUPLICATE_METHOD_MATCH = YES;
				COPY_PHASE_STRIP = NO;
				DEAD_CODE_STRIPPING = YES;
				DEBUG_INFORMATION_FORMAT = dwarf;
				ENABLE_STRICT_OBJC_MSGSEND = YES;
				ENABLE_TESTABILITY = YES;
				GCC_C_LANGUAGE_STANDARD = gnu11;
				GCC_DYNAMIC_NO_PIC = NO;
				GCC_NO_COMMON_BLOCKS = YES;
				GCC_OPTIMIZATION_LEVEL = 0;
				GCC_PREPROCESSOR_DEFINITIONS = (
					"DEBUG=1",
					"$(inherited)",
				);
				GCC_WARN_64_TO_32_BIT_CONVERSION = YES;
				GCC_WARN_ABOUT_RETURN_TYPE = YES_ERROR;
				GCC_WARN_UNDECLARED_SELECTOR = YES;
				GCC_WARN_UNINITIALIZED_AUTOS = YES_AGGRESSIVE;
				GCC_WARN_UNUSED_FUNCTION = YES;
				GCC_WARN_UNUSED_VARIABLE = YES;
				MTL_ENABLE_DEBUG_INFO = INCLUDE_SOURCE;
				MTL_FAST_MATH = YES;
				ONLY_ACTIVE_ARCH = YES;
				SWIFT_ACTIVE_COMPILATION_CONDITIONS = "DEBUG TESTING";
				SWIFT_OPTIMIZATION_LEVEL = "-Onone";
			};
			name = Testing;
		};
		04FB13542949DFBE00EDBC14 /* Testing */ = {
			isa = XCBuildConfiguration;
			buildSettings = {
				ASSETCATALOG_COMPILER_APPICON_NAME = AppIcon;
				ASSETCATALOG_COMPILER_GLOBAL_ACCENT_COLOR_NAME = AccentColor;
				CODE_SIGN_ENTITLEMENTS = CoffeeOrderApp/CoffeeOrderApp.entitlements;
				CODE_SIGN_IDENTITY = "-";
				CODE_SIGN_STYLE = Automatic;
				CURRENT_PROJECT_VERSION = 1;
				DEAD_CODE_STRIPPING = YES;
				DEVELOPMENT_ASSET_PATHS = "\"CoffeeOrderApp/Preview Content\"";
				DEVELOPMENT_TEAM = 79L7WCAA7E;
				ENABLE_HARDENED_RUNTIME = YES;
				ENABLE_PREVIEWS = YES;
				GENERATE_INFOPLIST_FILE = YES;
				"INFOPLIST_KEY_UIApplicationSceneManifest_Generation[sdk=iphoneos*]" = YES;
				"INFOPLIST_KEY_UIApplicationSceneManifest_Generation[sdk=iphonesimulator*]" = YES;
				"INFOPLIST_KEY_UIApplicationSupportsIndirectInputEvents[sdk=iphoneos*]" = YES;
				"INFOPLIST_KEY_UIApplicationSupportsIndirectInputEvents[sdk=iphonesimulator*]" = YES;
				"INFOPLIST_KEY_UILaunchScreen_Generation[sdk=iphoneos*]" = YES;
				"INFOPLIST_KEY_UILaunchScreen_Generation[sdk=iphonesimulator*]" = YES;
				"INFOPLIST_KEY_UIStatusBarStyle[sdk=iphoneos*]" = UIStatusBarStyleDefault;
				"INFOPLIST_KEY_UIStatusBarStyle[sdk=iphonesimulator*]" = UIStatusBarStyleDefault;
				INFOPLIST_KEY_UISupportedInterfaceOrientations_iPad = "UIInterfaceOrientationPortrait UIInterfaceOrientationPortraitUpsideDown UIInterfaceOrientationLandscapeLeft UIInterfaceOrientationLandscapeRight";
				INFOPLIST_KEY_UISupportedInterfaceOrientations_iPhone = "UIInterfaceOrientationPortrait UIInterfaceOrientationLandscapeLeft UIInterfaceOrientationLandscapeRight";
				IPHONEOS_DEPLOYMENT_TARGET = 16.1;
				LD_RUNPATH_SEARCH_PATHS = "@executable_path/Frameworks";
				"LD_RUNPATH_SEARCH_PATHS[sdk=macosx*]" = "@executable_path/../Frameworks";
				MACOSX_DEPLOYMENT_TARGET = 13.0;
				MARKETING_VERSION = 1.0;
				PRODUCT_BUNDLE_IDENTIFIER = pl.kchlebus.CoffeeOrderApp;
				PRODUCT_NAME = "$(TARGET_NAME)";
				SDKROOT = auto;
				SUPPORTED_PLATFORMS = "iphoneos iphonesimulator macosx";
				SWIFT_EMIT_LOC_STRINGS = YES;
				SWIFT_VERSION = 5.0;
				TARGETED_DEVICE_FAMILY = "1,2";
			};
			name = Testing;
		};
		04FB13552949DFBE00EDBC14 /* Testing */ = {
			isa = XCBuildConfiguration;
			buildSettings = {
				CODE_SIGN_STYLE = Automatic;
				CURRENT_PROJECT_VERSION = 1;
				DEVELOPMENT_TEAM = 79L7WCAA7E;
				GENERATE_INFOPLIST_FILE = YES;
				IPHONEOS_DEPLOYMENT_TARGET = 16.1;
				MARKETING_VERSION = 1.0;
				PRODUCT_BUNDLE_IDENTIFIER = pl.kchlebus.CoffeeOrderAppE2ETests;
				PRODUCT_NAME = "$(TARGET_NAME)";
				SDKROOT = iphoneos;
				SWIFT_EMIT_LOC_STRINGS = NO;
				SWIFT_VERSION = 5.0;
				TARGETED_DEVICE_FAMILY = "1,2";
				TEST_TARGET_NAME = CoffeeOrderApp;
			};
			name = Testing;
		};
/* End XCBuildConfiguration section */

/* Begin XCConfigurationList section */
		0410D4E82940E03600D4F66F /* Build configuration list for PBXProject "CoffeeOrderApp" */ = {
			isa = XCConfigurationList;
			buildConfigurations = (
				0410D4FA2940E03800D4F66F /* Debug */,
				04FB13532949DFBE00EDBC14 /* Testing */,
				0410D4FB2940E03800D4F66F /* Release */,
			);
			defaultConfigurationIsVisible = 0;
			defaultConfigurationName = Release;
		};
		0410D4FC2940E03800D4F66F /* Build configuration list for PBXNativeTarget "CoffeeOrderApp" */ = {
			isa = XCConfigurationList;
			buildConfigurations = (
				0410D4FD2940E03800D4F66F /* Debug */,
				04FB13542949DFBE00EDBC14 /* Testing */,
				0410D4FE2940E03800D4F66F /* Release */,
			);
			defaultConfigurationIsVisible = 0;
			defaultConfigurationName = Release;
		};
		0410D51C29422D3000D4F66F /* Build configuration list for PBXNativeTarget "CoffeeOrderAppE2ETests" */ = {
			isa = XCConfigurationList;
			buildConfigurations = (
				0410D51D29422D3000D4F66F /* Debug */,
				04FB13552949DFBE00EDBC14 /* Testing */,
				0410D51E29422D3000D4F66F /* Release */,
			);
			defaultConfigurationIsVisible = 0;
			defaultConfigurationName = Release;
		};
/* End XCConfigurationList section */
	};
	rootObject = 0410D4E52940E03600D4F66F /* Project object */;
}
